// !$*UTF8*$!
{
	archiveVersion = 1;
	classes = {
	};
	objectVersion = 46;
	objects = {

/* Begin PBXBuildFile section */
		78093D8B1964ED5A00E34D0F /* HairlineHidingNavigationController.swift in Sources */ = {isa = PBXBuildFile; fileRef = 78093D8A1964ED5A00E34D0F /* HairlineHidingNavigationController.swift */; };
		7814F365194E9331007E3DC7 /* RecipeDetailViewController.swift in Sources */ = {isa = PBXBuildFile; fileRef = 7814F364194E9331007E3DC7 /* RecipeDetailViewController.swift */; };
		7814F367194FF79E007E3DC7 /* Set.swift in Sources */ = {isa = PBXBuildFile; fileRef = 7814F366194FF79E007E3DC7 /* Set.swift */; };
		7814F36A195A95AB007E3DC7 /* PagingRecipeViewController.swift in Sources */ = {isa = PBXBuildFile; fileRef = 7814F369195A95AB007E3DC7 /* PagingRecipeViewController.swift */; };
		78592B3919622C8000BCEA1B /* SegmentedRecipeViewController.swift in Sources */ = {isa = PBXBuildFile; fileRef = 78592B3819622C8000BCEA1B /* SegmentedRecipeViewController.swift */; };
		787289751946DB370037A553 /* ingredients.json in Resources */ = {isa = PBXBuildFile; fileRef = 787289741946DB370037A553 /* ingredients.json */; };
		787D0DB3194A816E00229C76 /* Recipe.swift in Sources */ = {isa = PBXBuildFile; fileRef = 787D0DB2194A816E00229C76 /* Recipe.swift */; };
		787D0DB5194A882800229C76 /* RecipeSearchResult.swift in Sources */ = {isa = PBXBuildFile; fileRef = 787D0DB4194A882800229C76 /* RecipeSearchResult.swift */; };
		787D0DBA194A8A7400229C76 /* MeasuredIngredient.swift in Sources */ = {isa = PBXBuildFile; fileRef = 787D0DB9194A8A7400229C76 /* MeasuredIngredient.swift */; };
		787D0DC1194A8D0100229C76 /* AlphabeticalTableSectionManager.swift in Sources */ = {isa = PBXBuildFile; fileRef = 787D0DC0194A8D0100229C76 /* AlphabeticalTableSectionManager.swift */; };
		7891388F1965CAE9001AB63E /* RecipeTableViewCell.swift in Sources */ = {isa = PBXBuildFile; fileRef = 7891388E1965CAE9001AB63E /* RecipeTableViewCell.swift */; };
		789138921965D06C001AB63E /* todo.txt in Resources */ = {isa = PBXBuildFile; fileRef = 789138911965D06C001AB63E /* todo.txt */; };
		789AC3191965F40F00055AB6 /* DefaultRecipeImage.png in Resources */ = {isa = PBXBuildFile; fileRef = 789AC3171965F40F00055AB6 /* DefaultRecipeImage.png */; };
		789AC31A1965F40F00055AB6 /* DefaultRecipeImage@2x.png in Resources */ = {isa = PBXBuildFile; fileRef = 789AC3181965F40F00055AB6 /* DefaultRecipeImage@2x.png */; };
		789CA69819419DEB00CB4853 /* AppDelegate.swift in Sources */ = {isa = PBXBuildFile; fileRef = 789CA69719419DEB00CB4853 /* AppDelegate.swift */; };
		789CA69F19419DEB00CB4853 /* Images.xcassets in Resources */ = {isa = PBXBuildFile; fileRef = 789CA69E19419DEB00CB4853 /* Images.xcassets */; };
		789CA6AB19419DEB00CB4853 /* ios_drinksTests.swift in Sources */ = {isa = PBXBuildFile; fileRef = 789CA6AA19419DEB00CB4853 /* ios_drinksTests.swift */; };
		789CA6B519419E5B00CB4853 /* Main.storyboard in Resources */ = {isa = PBXBuildFile; fileRef = 789CA6B419419E5B00CB4853 /* Main.storyboard */; };
		789CA6B819422D2A00CB4853 /* RecipeIndex.swift in Sources */ = {isa = PBXBuildFile; fileRef = 789CA6B719422D2A00CB4853 /* RecipeIndex.swift */; };
		789CA6BC19422D5E00CB4853 /* Ingredient.swift in Sources */ = {isa = PBXBuildFile; fileRef = 789CA6BB19422D5E00CB4853 /* Ingredient.swift */; };
		78B1D8F01964D59200D0B0F6 /* IngredientsViewController.swift in Sources */ = {isa = PBXBuildFile; fileRef = 78B1D8EF1964D59200D0B0F6 /* IngredientsViewController.swift */; };
		78C1C692194D66DB00469918 /* recipes.json in Resources */ = {isa = PBXBuildFile; fileRef = 78C1C691194D66DB00469918 /* recipes.json */; };
		78C1C694194D68E700469918 /* exceptionUtils.swift in Sources */ = {isa = PBXBuildFile; fileRef = 78C1C693194D68E700469918 /* exceptionUtils.swift */; };
		78C1DD0E195BFD5E0077C029 /* UIUtils.swift in Sources */ = {isa = PBXBuildFile; fileRef = 78C1DD0D195BFD5E0077C029 /* UIUtils.swift */; };
		78C1DD10195BFEB90077C029 /* SelectedIngredient.swift in Sources */ = {isa = PBXBuildFile; fileRef = 78C1DD0F195BFEB90077C029 /* SelectedIngredient.swift */; };
		78FB76E719660A2F00366B35 /* RecipeImageViewController.swift in Sources */ = {isa = PBXBuildFile; fileRef = 78FB76E619660A2F00366B35 /* RecipeImageViewController.swift */; };
		78FB76E919660B7000366B35 /* RecipeSourceViewController.swift in Sources */ = {isa = PBXBuildFile; fileRef = 78FB76E819660B7000366B35 /* RecipeSourceViewController.swift */; };
		78FB76EC19660BFA00366B35 /* RecipeDetailViewController2.swift in Sources */ = {isa = PBXBuildFile; fileRef = 78FB76EB19660BFA00366B35 /* RecipeDetailViewController2.swift */; };
		78FB76EE19660E5300366B35 /* RecipeDetailPageViewController.swift in Sources */ = {isa = PBXBuildFile; fileRef = 78FB76ED19660E5300366B35 /* RecipeDetailPageViewController.swift */; };
/* End PBXBuildFile section */

/* Begin PBXContainerItemProxy section */
		787D0DC8194D587200229C76 /* PBXContainerItemProxy */ = {
			isa = PBXContainerItemProxy;
			containerPortal = 789CA68A19419DEB00CB4853 /* Project object */;
			proxyType = 1;
			remoteGlobalIDString = 789CA69119419DEB00CB4853;
			remoteInfo = "ios-drinks";
		};
		789CA6A519419DEB00CB4853 /* PBXContainerItemProxy */ = {
			isa = PBXContainerItemProxy;
			containerPortal = 789CA68A19419DEB00CB4853 /* Project object */;
			proxyType = 1;
			remoteGlobalIDString = 789CA69119419DEB00CB4853;
			remoteInfo = "ios-drinks";
		};
/* End PBXContainerItemProxy section */

/* Begin PBXFileReference section */
		78093D8A1964ED5A00E34D0F /* HairlineHidingNavigationController.swift */ = {isa = PBXFileReference; fileEncoding = 4; lastKnownFileType = sourcecode.swift; path = HairlineHidingNavigationController.swift; sourceTree = "<group>"; };
		7814F364194E9331007E3DC7 /* RecipeDetailViewController.swift */ = {isa = PBXFileReference; fileEncoding = 4; lastKnownFileType = sourcecode.swift; path = RecipeDetailViewController.swift; sourceTree = "<group>"; };
		7814F366194FF79E007E3DC7 /* Set.swift */ = {isa = PBXFileReference; fileEncoding = 4; lastKnownFileType = sourcecode.swift; name = Set.swift; path = ../Set.swift; sourceTree = "<group>"; };
		7814F369195A95AB007E3DC7 /* PagingRecipeViewController.swift */ = {isa = PBXFileReference; fileEncoding = 4; lastKnownFileType = sourcecode.swift; path = PagingRecipeViewController.swift; sourceTree = "<group>"; };
		78592B3819622C8000BCEA1B /* SegmentedRecipeViewController.swift */ = {isa = PBXFileReference; fileEncoding = 4; lastKnownFileType = sourcecode.swift; name = SegmentedRecipeViewController.swift; path = ../SegmentedRecipeViewController.swift; sourceTree = "<group>"; };
		787289741946DB370037A553 /* ingredients.json */ = {isa = PBXFileReference; fileEncoding = 4; lastKnownFileType = text.json; path = ingredients.json; sourceTree = "<group>"; };
		787D0DB2194A816E00229C76 /* Recipe.swift */ = {isa = PBXFileReference; fileEncoding = 4; lastKnownFileType = sourcecode.swift; path = Recipe.swift; sourceTree = "<group>"; };
		787D0DB4194A882800229C76 /* RecipeSearchResult.swift */ = {isa = PBXFileReference; fileEncoding = 4; lastKnownFileType = sourcecode.swift; path = RecipeSearchResult.swift; sourceTree = "<group>"; };
		787D0DB9194A8A7400229C76 /* MeasuredIngredient.swift */ = {isa = PBXFileReference; fileEncoding = 4; lastKnownFileType = sourcecode.swift; path = MeasuredIngredient.swift; sourceTree = "<group>"; };
		787D0DC0194A8D0100229C76 /* AlphabeticalTableSectionManager.swift */ = {isa = PBXFileReference; fileEncoding = 4; lastKnownFileType = sourcecode.swift; path = AlphabeticalTableSectionManager.swift; sourceTree = "<group>"; };
		7891388E1965CAE9001AB63E /* RecipeTableViewCell.swift */ = {isa = PBXFileReference; fileEncoding = 4; lastKnownFileType = sourcecode.swift; path = RecipeTableViewCell.swift; sourceTree = "<group>"; };
		789138911965D06C001AB63E /* todo.txt */ = {isa = PBXFileReference; fileEncoding = 4; lastKnownFileType = text; name = todo.txt; path = ../todo.txt; sourceTree = "<group>"; };
		789AC3161965F40300055AB6 /* martini-glass.psd */ = {isa = PBXFileReference; lastKnownFileType = file; path = "martini-glass.psd"; sourceTree = "<group>"; };
		789AC3171965F40F00055AB6 /* DefaultRecipeImage.png */ = {isa = PBXFileReference; lastKnownFileType = image.png; path = DefaultRecipeImage.png; sourceTree = "<group>"; };
		789AC3181965F40F00055AB6 /* DefaultRecipeImage@2x.png */ = {isa = PBXFileReference; lastKnownFileType = image.png; path = "DefaultRecipeImage@2x.png"; sourceTree = "<group>"; };
		789CA69219419DEB00CB4853 /* ios-drinks.app */ = {isa = PBXFileReference; explicitFileType = wrapper.application; includeInIndex = 0; path = "ios-drinks.app"; sourceTree = BUILT_PRODUCTS_DIR; };
		789CA69619419DEB00CB4853 /* Info.plist */ = {isa = PBXFileReference; lastKnownFileType = text.plist.xml; path = Info.plist; sourceTree = "<group>"; };
		789CA69719419DEB00CB4853 /* AppDelegate.swift */ = {isa = PBXFileReference; lastKnownFileType = sourcecode.swift; path = AppDelegate.swift; sourceTree = "<group>"; };
		789CA69E19419DEB00CB4853 /* Images.xcassets */ = {isa = PBXFileReference; lastKnownFileType = folder.assetcatalog; path = Images.xcassets; sourceTree = "<group>"; };
		789CA6A419419DEB00CB4853 /* ios-drinksTests.xctest */ = {isa = PBXFileReference; explicitFileType = wrapper.cfbundle; includeInIndex = 0; path = "ios-drinksTests.xctest"; sourceTree = BUILT_PRODUCTS_DIR; };
		789CA6A919419DEB00CB4853 /* Info.plist */ = {isa = PBXFileReference; lastKnownFileType = text.plist.xml; path = Info.plist; sourceTree = "<group>"; };
		789CA6AA19419DEB00CB4853 /* ios_drinksTests.swift */ = {isa = PBXFileReference; lastKnownFileType = sourcecode.swift; path = ios_drinksTests.swift; sourceTree = "<group>"; };
		789CA6B419419E5B00CB4853 /* Main.storyboard */ = {isa = PBXFileReference; fileEncoding = 4; lastKnownFileType = file.storyboard; name = Main.storyboard; path = ../Main.storyboard; sourceTree = "<group>"; };
		789CA6B719422D2A00CB4853 /* RecipeIndex.swift */ = {isa = PBXFileReference; fileEncoding = 4; lastKnownFileType = sourcecode.swift; path = RecipeIndex.swift; sourceTree = "<group>"; };
		789CA6BB19422D5E00CB4853 /* Ingredient.swift */ = {isa = PBXFileReference; fileEncoding = 4; lastKnownFileType = sourcecode.swift; path = Ingredient.swift; sourceTree = "<group>"; };
		78B1D8EF1964D59200D0B0F6 /* IngredientsViewController.swift */ = {isa = PBXFileReference; fileEncoding = 4; lastKnownFileType = sourcecode.swift; path = IngredientsViewController.swift; sourceTree = "<group>"; };
		78C1C691194D66DB00469918 /* recipes.json */ = {isa = PBXFileReference; fileEncoding = 4; lastKnownFileType = text.json; path = recipes.json; sourceTree = "<group>"; };
		78C1C693194D68E700469918 /* exceptionUtils.swift */ = {isa = PBXFileReference; fileEncoding = 4; lastKnownFileType = sourcecode.swift; path = exceptionUtils.swift; sourceTree = "<group>"; };
		78C1DD0D195BFD5E0077C029 /* UIUtils.swift */ = {isa = PBXFileReference; fileEncoding = 4; lastKnownFileType = sourcecode.swift; path = UIUtils.swift; sourceTree = "<group>"; };
		78C1DD0F195BFEB90077C029 /* SelectedIngredient.swift */ = {isa = PBXFileReference; fileEncoding = 4; lastKnownFileType = sourcecode.swift; path = SelectedIngredient.swift; sourceTree = "<group>"; };
		78FB76E619660A2F00366B35 /* RecipeImageViewController.swift */ = {isa = PBXFileReference; fileEncoding = 4; lastKnownFileType = sourcecode.swift; path = RecipeImageViewController.swift; sourceTree = "<group>"; };
		78FB76E819660B7000366B35 /* RecipeSourceViewController.swift */ = {isa = PBXFileReference; fileEncoding = 4; lastKnownFileType = sourcecode.swift; path = RecipeSourceViewController.swift; sourceTree = "<group>"; };
		78FB76EB19660BFA00366B35 /* RecipeDetailViewController2.swift */ = {isa = PBXFileReference; fileEncoding = 4; lastKnownFileType = sourcecode.swift; path = RecipeDetailViewController2.swift; sourceTree = "<group>"; };
		78FB76ED19660E5300366B35 /* RecipeDetailPageViewController.swift */ = {isa = PBXFileReference; fileEncoding = 4; lastKnownFileType = sourcecode.swift; path = RecipeDetailPageViewController.swift; sourceTree = "<group>"; };
/* End PBXFileReference section */

/* Begin PBXFrameworksBuildPhase section */
		789CA68F19419DEB00CB4853 /* Frameworks */ = {
			isa = PBXFrameworksBuildPhase;
			buildActionMask = 2147483647;
			files = (
			);
			runOnlyForDeploymentPostprocessing = 0;
		};
		789CA6A119419DEB00CB4853 /* Frameworks */ = {
			isa = PBXFrameworksBuildPhase;
			buildActionMask = 2147483647;
			files = (
			);
			runOnlyForDeploymentPostprocessing = 0;
		};
/* End PBXFrameworksBuildPhase section */

/* Begin PBXGroup section */
		787D0DB6194A8A2C00229C76 /* view controllers */ = {
			isa = PBXGroup;
			children = (
				78B1D8EF1964D59200D0B0F6 /* IngredientsViewController.swift */,
				7814F364194E9331007E3DC7 /* RecipeDetailViewController.swift */,
				78592B3819622C8000BCEA1B /* SegmentedRecipeViewController.swift */,
				78093D8A1964ED5A00E34D0F /* HairlineHidingNavigationController.swift */,
				78FB76EA19660B7D00366B35 /* recipe detail */,
			);
			name = "view controllers";
			sourceTree = "<group>";
		};
		787D0DBF194A8CE400229C76 /* controller */ = {
			isa = PBXGroup;
			children = (
				787D0DC0194A8D0100229C76 /* AlphabeticalTableSectionManager.swift */,
			);
			name = controller;
			path = ..;
			sourceTree = "<group>";
		};
		789138901965CAF3001AB63E /* view */ = {
			isa = PBXGroup;
			children = (
				7891388E1965CAE9001AB63E /* RecipeTableViewCell.swift */,
			);
			name = view;
			sourceTree = "<group>";
		};
		789AC3151965F3F600055AB6 /* images */ = {
			isa = PBXGroup;
			children = (
				789AC3161965F40300055AB6 /* martini-glass.psd */,
				789AC3171965F40F00055AB6 /* DefaultRecipeImage.png */,
				789AC3181965F40F00055AB6 /* DefaultRecipeImage@2x.png */,
			);
			name = images;
			sourceTree = "<group>";
		};
		789CA68919419DEB00CB4853 = {
			isa = PBXGroup;
			children = (
				789CA69419419DEB00CB4853 /* ios-drinks */,
				789CA6A719419DEB00CB4853 /* ios-drinksTests */,
				789CA69319419DEB00CB4853 /* Products */,
			);
			sourceTree = "<group>";
		};
		789CA69319419DEB00CB4853 /* Products */ = {
			isa = PBXGroup;
			children = (
				789CA69219419DEB00CB4853 /* ios-drinks.app */,
				789CA6A419419DEB00CB4853 /* ios-drinksTests.xctest */,
			);
			name = Products;
			sourceTree = "<group>";
		};
		789CA69419419DEB00CB4853 /* ios-drinks */ = {
			isa = PBXGroup;
			children = (
				789CA6B419419E5B00CB4853 /* Main.storyboard */,
				789CA69719419DEB00CB4853 /* AppDelegate.swift */,
				789CA69E19419DEB00CB4853 /* Images.xcassets */,
				789CA6BA19422D4E00CB4853 /* model */,
				789CA6B619422D1000CB4853 /* search */,
				789138901965CAF3001AB63E /* view */,
				787D0DB6194A8A2C00229C76 /* view controllers */,
				787D0DBF194A8CE400229C76 /* controller */,
				78C1C695194D68EF00469918 /* utils */,
				789AC3151965F3F600055AB6 /* images */,
				789CA69519419DEB00CB4853 /* Supporting Files */,
			);
			path = "ios-drinks";
			sourceTree = "<group>";
		};
		789CA69519419DEB00CB4853 /* Supporting Files */ = {
			isa = PBXGroup;
			children = (
				787289741946DB370037A553 /* ingredients.json */,
				78C1C691194D66DB00469918 /* recipes.json */,
				789CA69619419DEB00CB4853 /* Info.plist */,
				789138911965D06C001AB63E /* todo.txt */,
			);
			name = "Supporting Files";
			sourceTree = "<group>";
		};
		789CA6A719419DEB00CB4853 /* ios-drinksTests */ = {
			isa = PBXGroup;
			children = (
				789CA6AA19419DEB00CB4853 /* ios_drinksTests.swift */,
				789CA6A819419DEB00CB4853 /* Supporting Files */,
			);
			path = "ios-drinksTests";
			sourceTree = "<group>";
		};
		789CA6A819419DEB00CB4853 /* Supporting Files */ = {
			isa = PBXGroup;
			children = (
				789CA6A919419DEB00CB4853 /* Info.plist */,
			);
			name = "Supporting Files";
			sourceTree = "<group>";
		};
		789CA6B619422D1000CB4853 /* search */ = {
			isa = PBXGroup;
			children = (
				789CA6B719422D2A00CB4853 /* RecipeIndex.swift */,
				78C1DD0F195BFEB90077C029 /* SelectedIngredient.swift */,
			);
			name = search;
			path = ..;
			sourceTree = "<group>";
		};
		789CA6BA19422D4E00CB4853 /* model */ = {
			isa = PBXGroup;
			children = (
				789CA6BB19422D5E00CB4853 /* Ingredient.swift */,
				787D0DB9194A8A7400229C76 /* MeasuredIngredient.swift */,
				787D0DB2194A816E00229C76 /* Recipe.swift */,
				787D0DB4194A882800229C76 /* RecipeSearchResult.swift */,
			);
			name = model;
			sourceTree = "<group>";
		};
		78C1C695194D68EF00469918 /* utils */ = {
			isa = PBXGroup;
			children = (
				78C1C693194D68E700469918 /* exceptionUtils.swift */,
				78C1DD0D195BFD5E0077C029 /* UIUtils.swift */,
				7814F366194FF79E007E3DC7 /* Set.swift */,
			);
			name = utils;
			sourceTree = "<group>";
		};
		78FB76EA19660B7D00366B35 /* recipe detail */ = {
			isa = PBXGroup;
			children = (
				7814F369195A95AB007E3DC7 /* PagingRecipeViewController.swift */,
				78FB76ED19660E5300366B35 /* RecipeDetailPageViewController.swift */,
				78FB76E619660A2F00366B35 /* RecipeImageViewController.swift */,
				78FB76EB19660BFA00366B35 /* RecipeDetailViewController2.swift */,
				78FB76E819660B7000366B35 /* RecipeSourceViewController.swift */,
			);
			name = "recipe detail";
			sourceTree = "<group>";
		};
/* End PBXGroup section */

/* Begin PBXNativeTarget section */
		789CA69119419DEB00CB4853 /* ios-drinks */ = {
			isa = PBXNativeTarget;
			buildConfigurationList = 789CA6AE19419DEB00CB4853 /* Build configuration list for PBXNativeTarget "ios-drinks" */;
			buildPhases = (
				789CA68E19419DEB00CB4853 /* Sources */,
				789CA68F19419DEB00CB4853 /* Frameworks */,
				789CA69019419DEB00CB4853 /* Resources */,
			);
			buildRules = (
			);
			dependencies = (
			);
			name = "ios-drinks";
			productName = "ios-drinks";
			productReference = 789CA69219419DEB00CB4853 /* ios-drinks.app */;
			productType = "com.apple.product-type.application";
		};
		789CA6A319419DEB00CB4853 /* ios-drinksTests */ = {
			isa = PBXNativeTarget;
			buildConfigurationList = 789CA6B119419DEB00CB4853 /* Build configuration list for PBXNativeTarget "ios-drinksTests" */;
			buildPhases = (
				789CA6A019419DEB00CB4853 /* Sources */,
				789CA6A119419DEB00CB4853 /* Frameworks */,
				789CA6A219419DEB00CB4853 /* Resources */,
			);
			buildRules = (
			);
			dependencies = (
				789CA6A619419DEB00CB4853 /* PBXTargetDependency */,
				787D0DC9194D587200229C76 /* PBXTargetDependency */,
			);
			name = "ios-drinksTests";
			productName = "ios-drinksTests";
			productReference = 789CA6A419419DEB00CB4853 /* ios-drinksTests.xctest */;
			productType = "com.apple.product-type.bundle.unit-test";
		};
/* End PBXNativeTarget section */

/* Begin PBXProject section */
		789CA68A19419DEB00CB4853 /* Project object */ = {
			isa = PBXProject;
			attributes = {
				LastUpgradeCheck = 0600;
				ORGANIZATIONNAME = "Sean Kelley";
				TargetAttributes = {
					789CA69119419DEB00CB4853 = {
						CreatedOnToolsVersion = 6.0;
					};
					789CA6A319419DEB00CB4853 = {
						CreatedOnToolsVersion = 6.0;
						TestTargetID = 789CA69119419DEB00CB4853;
					};
				};
			};
			buildConfigurationList = 789CA68D19419DEB00CB4853 /* Build configuration list for PBXProject "ios-drinks" */;
			compatibilityVersion = "Xcode 3.2";
			developmentRegion = English;
			hasScannedForEncodings = 0;
			knownRegions = (
				en,
				Base,
			);
			mainGroup = 789CA68919419DEB00CB4853;
			productRefGroup = 789CA69319419DEB00CB4853 /* Products */;
			projectDirPath = "";
			projectRoot = "";
			targets = (
				789CA69119419DEB00CB4853 /* ios-drinks */,
				789CA6A319419DEB00CB4853 /* ios-drinksTests */,
			);
		};
/* End PBXProject section */

/* Begin PBXResourcesBuildPhase section */
		789CA69019419DEB00CB4853 /* Resources */ = {
			isa = PBXResourcesBuildPhase;
			buildActionMask = 2147483647;
			files = (
				789CA69F19419DEB00CB4853 /* Images.xcassets in Resources */,
				787289751946DB370037A553 /* ingredients.json in Resources */,
				789CA6B519419E5B00CB4853 /* Main.storyboard in Resources */,
				789AC31A1965F40F00055AB6 /* DefaultRecipeImage@2x.png in Resources */,
				789AC3191965F40F00055AB6 /* DefaultRecipeImage.png in Resources */,
				78C1C692194D66DB00469918 /* recipes.json in Resources */,
				789138921965D06C001AB63E /* todo.txt in Resources */,
			);
			runOnlyForDeploymentPostprocessing = 0;
		};
		789CA6A219419DEB00CB4853 /* Resources */ = {
			isa = PBXResourcesBuildPhase;
			buildActionMask = 2147483647;
			files = (
			);
			runOnlyForDeploymentPostprocessing = 0;
		};
/* End PBXResourcesBuildPhase section */

/* Begin PBXSourcesBuildPhase section */
		789CA68E19419DEB00CB4853 /* Sources */ = {
			isa = PBXSourcesBuildPhase;
			buildActionMask = 2147483647;
			files = (
				78B1D8F01964D59200D0B0F6 /* IngredientsViewController.swift in Sources */,
				7814F36A195A95AB007E3DC7 /* PagingRecipeViewController.swift in Sources */,
				789CA6B819422D2A00CB4853 /* RecipeIndex.swift in Sources */,
				787D0DC1194A8D0100229C76 /* AlphabeticalTableSectionManager.swift in Sources */,
				787D0DBA194A8A7400229C76 /* MeasuredIngredient.swift in Sources */,
				78C1DD0E195BFD5E0077C029 /* UIUtils.swift in Sources */,
				787D0DB5194A882800229C76 /* RecipeSearchResult.swift in Sources */,
				789CA69819419DEB00CB4853 /* AppDelegate.swift in Sources */,
				78FB76EC19660BFA00366B35 /* RecipeDetailViewController2.swift in Sources */,
				78592B3919622C8000BCEA1B /* SegmentedRecipeViewController.swift in Sources */,
				78C1DD10195BFEB90077C029 /* SelectedIngredient.swift in Sources */,
				789CA6BC19422D5E00CB4853 /* Ingredient.swift in Sources */,
				78FB76EE19660E5300366B35 /* RecipeDetailPageViewController.swift in Sources */,
				78C1C694194D68E700469918 /* exceptionUtils.swift in Sources */,
				7814F365194E9331007E3DC7 /* RecipeDetailViewController.swift in Sources */,
				78093D8B1964ED5A00E34D0F /* HairlineHidingNavigationController.swift in Sources */,
				78FB76E919660B7000366B35 /* RecipeSourceViewController.swift in Sources */,
				7814F367194FF79E007E3DC7 /* Set.swift in Sources */,
				7891388F1965CAE9001AB63E /* RecipeTableViewCell.swift in Sources */,
				78FB76E719660A2F00366B35 /* RecipeImageViewController.swift in Sources */,
				787D0DB3194A816E00229C76 /* Recipe.swift in Sources */,
			);
			runOnlyForDeploymentPostprocessing = 0;
		};
		789CA6A019419DEB00CB4853 /* Sources */ = {
			isa = PBXSourcesBuildPhase;
			buildActionMask = 2147483647;
			files = (
				789CA6AB19419DEB00CB4853 /* ios_drinksTests.swift in Sources */,
			);
			runOnlyForDeploymentPostprocessing = 0;
		};
/* End PBXSourcesBuildPhase section */

/* Begin PBXTargetDependency section */
		787D0DC9194D587200229C76 /* PBXTargetDependency */ = {
			isa = PBXTargetDependency;
			target = 789CA69119419DEB00CB4853 /* ios-drinks */;
			targetProxy = 787D0DC8194D587200229C76 /* PBXContainerItemProxy */;
		};
		789CA6A619419DEB00CB4853 /* PBXTargetDependency */ = {
			isa = PBXTargetDependency;
			target = 789CA69119419DEB00CB4853 /* ios-drinks */;
			targetProxy = 789CA6A519419DEB00CB4853 /* PBXContainerItemProxy */;
		};
/* End PBXTargetDependency section */

/* Begin XCBuildConfiguration section */
		789CA6AC19419DEB00CB4853 /* Debug */ = {
			isa = XCBuildConfiguration;
			buildSettings = {
				ALWAYS_SEARCH_USER_PATHS = NO;
				CLANG_CXX_LANGUAGE_STANDARD = "gnu++0x";
				CLANG_CXX_LIBRARY = "libc++";
				CLANG_ENABLE_MODULES = YES;
				CLANG_ENABLE_OBJC_ARC = YES;
				CLANG_WARN_BOOL_CONVERSION = YES;
				CLANG_WARN_CONSTANT_CONVERSION = YES;
				CLANG_WARN_DIRECT_OBJC_ISA_USAGE = YES_ERROR;
				CLANG_WARN_EMPTY_BODY = YES;
				CLANG_WARN_ENUM_CONVERSION = YES;
				CLANG_WARN_INT_CONVERSION = YES;
				CLANG_WARN_OBJC_ROOT_CLASS = YES_ERROR;
				CLANG_WARN_UNREACHABLE_CODE = YES;
				CLANG_WARN__DUPLICATE_METHOD_MATCH = YES;
				"CODE_SIGN_IDENTITY[sdk=iphoneos*]" = "iPhone Developer";
				COPY_PHASE_STRIP = NO;
				ENABLE_STRICT_OBJC_MSGSEND = YES;
				GCC_C_LANGUAGE_STANDARD = gnu99;
				GCC_DYNAMIC_NO_PIC = NO;
				GCC_OPTIMIZATION_LEVEL = 0;
				GCC_PREPROCESSOR_DEFINITIONS = (
					"DEBUG=1",
					"$(inherited)",
				);
				GCC_SYMBOLS_PRIVATE_EXTERN = NO;
				GCC_WARN_64_TO_32_BIT_CONVERSION = YES;
				GCC_WARN_ABOUT_RETURN_TYPE = YES_ERROR;
				GCC_WARN_UNDECLARED_SELECTOR = YES;
				GCC_WARN_UNINITIALIZED_AUTOS = YES_AGGRESSIVE;
				GCC_WARN_UNUSED_FUNCTION = YES;
				GCC_WARN_UNUSED_VARIABLE = YES;
				IPHONEOS_DEPLOYMENT_TARGET = 8.0;
				METAL_ENABLE_DEBUG_INFO = YES;
				ONLY_ACTIVE_ARCH = YES;
				SDKROOT = iphoneos;
				SWIFT_OPTIMIZATION_LEVEL = "-Onone";
			};
			name = Debug;
		};
		789CA6AD19419DEB00CB4853 /* Release */ = {
			isa = XCBuildConfiguration;
			buildSettings = {
				ALWAYS_SEARCH_USER_PATHS = NO;
				CLANG_CXX_LANGUAGE_STANDARD = "gnu++0x";
				CLANG_CXX_LIBRARY = "libc++";
				CLANG_ENABLE_MODULES = YES;
				CLANG_ENABLE_OBJC_ARC = YES;
				CLANG_WARN_BOOL_CONVERSION = YES;
				CLANG_WARN_CONSTANT_CONVERSION = YES;
				CLANG_WARN_DIRECT_OBJC_ISA_USAGE = YES_ERROR;
				CLANG_WARN_EMPTY_BODY = YES;
				CLANG_WARN_ENUM_CONVERSION = YES;
				CLANG_WARN_INT_CONVERSION = YES;
				CLANG_WARN_OBJC_ROOT_CLASS = YES_ERROR;
				CLANG_WARN_UNREACHABLE_CODE = YES;
				CLANG_WARN__DUPLICATE_METHOD_MATCH = YES;
				"CODE_SIGN_IDENTITY[sdk=iphoneos*]" = "iPhone Developer";
				COPY_PHASE_STRIP = YES;
				ENABLE_NS_ASSERTIONS = NO;
				ENABLE_STRICT_OBJC_MSGSEND = YES;
				GCC_C_LANGUAGE_STANDARD = gnu99;
				GCC_WARN_64_TO_32_BIT_CONVERSION = YES;
				GCC_WARN_ABOUT_RETURN_TYPE = YES_ERROR;
				GCC_WARN_UNDECLARED_SELECTOR = YES;
				GCC_WARN_UNINITIALIZED_AUTOS = YES_AGGRESSIVE;
				GCC_WARN_UNUSED_FUNCTION = YES;
				GCC_WARN_UNUSED_VARIABLE = YES;
				IPHONEOS_DEPLOYMENT_TARGET = 8.0;
				METAL_ENABLE_DEBUG_INFO = NO;
				SDKROOT = iphoneos;
				VALIDATE_PRODUCT = YES;
			};
			name = Release;
		};
		789CA6AF19419DEB00CB4853 /* Debug */ = {
			isa = XCBuildConfiguration;
			buildSettings = {
				ASSETCATALOG_COMPILER_APPICON_NAME = AppIcon;
				ASSETCATALOG_COMPILER_LAUNCHIMAGE_NAME = LaunchImage;
				INFOPLIST_FILE = "ios-drinks/Info.plist";
				LD_RUNPATH_SEARCH_PATHS = "$(inherited) @executable_path/Frameworks";
				PRODUCT_NAME = "$(TARGET_NAME)";
				TARGETED_DEVICE_FAMILY = 1;
			};
			name = Debug;
		};
		789CA6B019419DEB00CB4853 /* Release */ = {
			isa = XCBuildConfiguration;
			buildSettings = {
				ASSETCATALOG_COMPILER_APPICON_NAME = AppIcon;
				ASSETCATALOG_COMPILER_LAUNCHIMAGE_NAME = LaunchImage;
				INFOPLIST_FILE = "ios-drinks/Info.plist";
				LD_RUNPATH_SEARCH_PATHS = "$(inherited) @executable_path/Frameworks";
				PRODUCT_NAME = "$(TARGET_NAME)";
				TARGETED_DEVICE_FAMILY = 1;
			};
			name = Release;
		};
		789CA6B219419DEB00CB4853 /* Debug */ = {
			isa = XCBuildConfiguration;
			buildSettings = {
				BUNDLE_LOADER = "$(BUILT_PRODUCTS_DIR)/ios-drinks.app/ios-drinks";
				FRAMEWORK_SEARCH_PATHS = (
					"$(SDKROOT)/Developer/Library/Frameworks",
					"$(inherited)",
				);
				GCC_PREPROCESSOR_DEFINITIONS = (
					"DEBUG=1",
					"$(inherited)",
				);
				INFOPLIST_FILE = "ios-drinksTests/Info.plist";
				LD_RUNPATH_SEARCH_PATHS = "$(inherited) @executable_path/Frameworks @loader_path/Frameworks";
				METAL_ENABLE_DEBUG_INFO = YES;
				PRODUCT_NAME = "$(TARGET_NAME)";
				TEST_HOST = "$(BUNDLE_LOADER)";
			};
			name = Debug;
		};
		789CA6B319419DEB00CB4853 /* Release */ = {
			isa = XCBuildConfiguration;
			buildSettings = {
				BUNDLE_LOADER = "$(BUILT_PRODUCTS_DIR)/ios-drinks.app/ios-drinks";
				FRAMEWORK_SEARCH_PATHS = (
					"$(SDKROOT)/Developer/Library/Frameworks",
					"$(inherited)",
				);
				INFOPLIST_FILE = "ios-drinksTests/Info.plist";
				LD_RUNPATH_SEARCH_PATHS = "$(inherited) @executable_path/Frameworks @loader_path/Frameworks";
				METAL_ENABLE_DEBUG_INFO = NO;
				PRODUCT_NAME = "$(TARGET_NAME)";
				TEST_HOST = "$(BUNDLE_LOADER)";
			};
			name = Release;
		};
/* End XCBuildConfiguration section */

/* Begin XCConfigurationList section */
		789CA68D19419DEB00CB4853 /* Build configuration list for PBXProject "ios-drinks" */ = {
			isa = XCConfigurationList;
			buildConfigurations = (
				789CA6AC19419DEB00CB4853 /* Debug */,
				789CA6AD19419DEB00CB4853 /* Release */,
			);
			defaultConfigurationIsVisible = 0;
			defaultConfigurationName = Release;
		};
		789CA6AE19419DEB00CB4853 /* Build configuration list for PBXNativeTarget "ios-drinks" */ = {
			isa = XCConfigurationList;
			buildConfigurations = (
				789CA6AF19419DEB00CB4853 /* Debug */,
				789CA6B019419DEB00CB4853 /* Release */,
			);
			defaultConfigurationIsVisible = 0;
			defaultConfigurationName = Release;
		};
		789CA6B119419DEB00CB4853 /* Build configuration list for PBXNativeTarget "ios-drinksTests" */ = {
			isa = XCConfigurationList;
			buildConfigurations = (
				789CA6B219419DEB00CB4853 /* Debug */,
				789CA6B319419DEB00CB4853 /* Release */,
			);
			defaultConfigurationIsVisible = 0;
			defaultConfigurationName = Release;
		};
/* End XCConfigurationList section */
	};
	rootObject = 789CA68A19419DEB00CB4853 /* Project object */;
}
